{
    "_readme": [
        "This file locks the dependencies of your project to a known state",
        "Read more about it at https://getcomposer.org/doc/01-basic-usage.md#installing-dependencies",
        "This file is @generated automatically"
    ],
    "content-hash": "8e9606c7af774a5fd87cc816480bc469",
    "packages": [
        {
            "name": "laminas/laminas-code",
            "version": "4.1.x-dev",
            "source": {
                "type": "git",
                "url": "https://github.com/laminas/laminas-code.git",
                "reference": "c9ca40ad7de181c01a58b6b0c68943be59e9335e"
            },
            "dist": {
                "type": "zip",
                "url": "https://api.github.com/repos/laminas/laminas-code/zipball/c9ca40ad7de181c01a58b6b0c68943be59e9335e",
                "reference": "c9ca40ad7de181c01a58b6b0c68943be59e9335e",
                "shasum": ""
            },
            "require": {
                "laminas/laminas-eventmanager": "^3.3",
                "php": "^7.4 || ~8.0.0"
            },
            "conflict": {
                "phpspec/prophecy": "<1.9.0"
            },
            "replace": {
                "zendframework/zend-code": "self.version"
            },
            "require-dev": {
                "doctrine/annotations": "^1.10.4",
                "ext-phar": "*",
                "laminas/laminas-coding-standard": "^2.1.4",
                "laminas/laminas-stdlib": "^3.3.0",
                "phpunit/phpunit": "^9.4.2",
                "psalm/plugin-phpunit": "^0.14.0",
                "vimeo/psalm": "^4.3.1"
            },
            "suggest": {
                "doctrine/annotations": "Doctrine\\Common\\Annotations >=1.0 for annotation features",
                "laminas/laminas-stdlib": "Laminas\\Stdlib component",
                "laminas/laminas-zendframework-bridge": "A bridge with Zend Framework"
            },
            "default-branch": true,
            "type": "library",
            "autoload": {
                "psr-4": {
                    "Laminas\\Code\\": "src/"
                }
            },
            "notification-url": "https://packagist.org/downloads/",
            "license": [
                "BSD-3-Clause"
            ],
            "description": "Extensions to the PHP Reflection API, static code scanning, and code generation",
            "homepage": "https://laminas.dev",
            "keywords": [
                "code",
                "laminas",
                "laminasframework"
            ],
            "support": {
                "chat": "https://laminas.dev/chat",
                "docs": "https://docs.laminas.dev/laminas-code/",
                "forum": "https://discourse.laminas.dev",
                "issues": "https://github.com/laminas/laminas-code/issues",
                "rss": "https://github.com/laminas/laminas-code/releases.atom",
                "source": "https://github.com/laminas/laminas-code"
            },
            "funding": [
                {
                    "url": "https://funding.communitybridge.org/projects/laminas-project",
                    "type": "community_bridge"
                }
            ],
            "time": "2021-01-24T20:19:34+00:00"
        },
        {
            "name": "laminas/laminas-eventmanager",
            "version": "3.4.x-dev",
            "source": {
                "type": "git",
                "url": "https://github.com/laminas/laminas-eventmanager.git",
                "reference": "3da9d1c5334501c68cc68cd72cf5c4498dd7a14b"
            },
            "dist": {
                "type": "zip",
                "url": "https://api.github.com/repos/laminas/laminas-eventmanager/zipball/3da9d1c5334501c68cc68cd72cf5c4498dd7a14b",
                "reference": "3da9d1c5334501c68cc68cd72cf5c4498dd7a14b",
                "shasum": ""
            },
            "require": {
                "laminas/laminas-zendframework-bridge": "^1.0",
                "php": "^7.3 || ^8.0"
            },
            "replace": {
                "zendframework/zend-eventmanager": "^3.2.1"
            },
            "require-dev": {
                "container-interop/container-interop": "^1.1",
                "laminas/laminas-coding-standard": "~1.0.0",
                "laminas/laminas-stdlib": "^2.7.3 || ^3.0",
                "phpbench/phpbench": "^0.17.1",
                "phpspec/prophecy-phpunit": "^2.0",
                "phpunit/phpunit": "^9.4.1"
            },
            "suggest": {
                "container-interop/container-interop": "^1.1, to use the lazy listeners feature",
                "laminas/laminas-stdlib": "^2.7.3 || ^3.0, to use the FilterChain feature"
            },
            "default-branch": true,
            "type": "library",
            "autoload": {
                "psr-4": {
                    "Laminas\\EventManager\\": "src/"
                }
            },
            "notification-url": "https://packagist.org/downloads/",
            "license": [
                "BSD-3-Clause"
            ],
            "description": "Trigger and listen to events within a PHP application",
            "homepage": "https://laminas.dev",
            "keywords": [
                "event",
                "eventmanager",
                "events",
                "laminas"
            ],
            "support": {
                "chat": "https://laminas.dev/chat",
                "docs": "https://docs.laminas.dev/laminas-eventmanager/",
                "forum": "https://discourse.laminas.dev",
                "issues": "https://github.com/laminas/laminas-eventmanager/issues",
                "rss": "https://github.com/laminas/laminas-eventmanager/releases.atom",
                "source": "https://github.com/laminas/laminas-eventmanager"
            },
            "funding": [
                {
                    "url": "https://funding.communitybridge.org/projects/laminas-project",
                    "type": "community_bridge"
                }
            ],
            "time": "2021-03-08T15:26:33+00:00"
        },
        {
            "name": "laminas/laminas-server",
            "version": "3.0.x-dev",
            "source": {
                "type": "git",
                "url": "https://github.com/laminas/laminas-server.git",
                "reference": "abe54804bec8f506cd4b72924441236aa8dea6bd"
            },
            "dist": {
                "type": "zip",
                "url": "https://api.github.com/repos/laminas/laminas-server/zipball/abe54804bec8f506cd4b72924441236aa8dea6bd",
                "reference": "abe54804bec8f506cd4b72924441236aa8dea6bd",
                "shasum": ""
            },
            "require": {
                "laminas/laminas-code": "^3.4.1 || ^4.0.0",
                "laminas/laminas-stdlib": "^3.2.1",
                "php": "^7.3 || ~8.0.0"
            },
            "require-dev": {
                "laminas/laminas-coding-standard": "^2.1.4",
                "phpunit/phpunit": "^9.5.0",
                "psalm/plugin-phpunit": "^0.14.0",
                "vimeo/psalm": "^4.3.2"
            },
            "default-branch": true,
            "type": "library",
            "autoload": {
                "psr-4": {
                    "Laminas\\Server\\": "src/"
                }
            },
            "notification-url": "https://packagist.org/downloads/",
            "license": [
                "BSD-3-Clause"
            ],
            "description": "Create Reflection-based RPC servers",
            "homepage": "https://laminas.dev",
            "keywords": [
                "laminas",
                "server"
            ],
            "support": {
                "chat": "https://laminas.dev/chat",
                "docs": "https://docs.laminas.dev/laminas-server/",
                "forum": "https://discourse.laminas.dev",
                "issues": "https://github.com/laminas/laminas-server/issues",
                "rss": "https://github.com/laminas/laminas-server/releases.atom",
                "source": "https://github.com/laminas/laminas-server"
            },
            "funding": [
                {
                    "url": "https://funding.communitybridge.org/projects/laminas-project",
                    "type": "community_bridge"
                }
            ],
            "time": "2021-01-08T14:52:59+00:00"
        },
        {
            "name": "laminas/laminas-stdlib",
            "version": "3.4.x-dev",
            "source": {
                "type": "git",
                "url": "https://github.com/laminas/laminas-stdlib.git",
                "reference": "f0b299de11700203c4a9644c97aa869613743f4b"
            },
            "dist": {
                "type": "zip",
                "url": "https://api.github.com/repos/laminas/laminas-stdlib/zipball/f0b299de11700203c4a9644c97aa869613743f4b",
                "reference": "f0b299de11700203c4a9644c97aa869613743f4b",
                "shasum": ""
            },
            "require": {
                "laminas/laminas-zendframework-bridge": "^1.0",
                "php": "^7.3 || ^8.0"
            },
            "replace": {
                "zendframework/zend-stdlib": "^3.2.1"
            },
            "require-dev": {
                "laminas/laminas-coding-standard": "~1.0.0",
                "phpbench/phpbench": "^0.17.1",
                "phpunit/phpunit": "~9.3.7"
            },
            "default-branch": true,
            "type": "library",
            "autoload": {
                "psr-4": {
                    "Laminas\\Stdlib\\": "src/"
                }
            },
            "notification-url": "https://packagist.org/downloads/",
            "license": [
                "BSD-3-Clause"
            ],
            "description": "SPL extensions, array utilities, error handlers, and more",
            "homepage": "https://laminas.dev",
            "keywords": [
                "laminas",
                "stdlib"
            ],
            "support": {
                "chat": "https://laminas.dev/chat",
                "docs": "https://docs.laminas.dev/laminas-stdlib/",
                "forum": "https://discourse.laminas.dev",
                "issues": "https://github.com/laminas/laminas-stdlib/issues",
                "rss": "https://github.com/laminas/laminas-stdlib/releases.atom",
                "source": "https://github.com/laminas/laminas-stdlib"
            },
            "funding": [
                {
                    "url": "https://funding.communitybridge.org/projects/laminas-project",
                    "type": "community_bridge"
                }
            ],
            "time": "2020-11-19T20:21:23+00:00"
        },
        {
            "name": "laminas/laminas-zendframework-bridge",
            "version": "1.3.x-dev",
            "source": {
                "type": "git",
                "url": "https://github.com/laminas/laminas-zendframework-bridge.git",
                "reference": "ff8e9a7832de38fc329eb7cc0bc2b9bdaeddb819"
            },
            "dist": {
                "type": "zip",
                "url": "https://api.github.com/repos/laminas/laminas-zendframework-bridge/zipball/ff8e9a7832de38fc329eb7cc0bc2b9bdaeddb819",
                "reference": "ff8e9a7832de38fc329eb7cc0bc2b9bdaeddb819",
                "shasum": ""
            },
            "require": {
                "php": "^7.3 || ^8.0"
            },
            "require-dev": {
                "phpunit/phpunit": "^5.7 || ^6.5 || ^7.5 || ^8.1 || ^9.3",
                "psalm/plugin-phpunit": "^0.15.1",
                "squizlabs/php_codesniffer": "^3.5",
                "vimeo/psalm": "^4.6"
            },
            "default-branch": true,
            "type": "library",
            "extra": {
                "laminas": {
                    "module": "Laminas\\ZendFrameworkBridge"
                }
            },
            "autoload": {
                "files": [
                    "src/autoload.php"
                ],
                "psr-4": {
                    "Laminas\\ZendFrameworkBridge\\": "src//"
                }
            },
            "notification-url": "https://packagist.org/downloads/",
            "license": [
                "BSD-3-Clause"
            ],
            "description": "Alias legacy ZF class names to Laminas Project equivalents.",
            "keywords": [
                "ZendFramework",
                "autoloading",
                "laminas",
                "zf"
            ],
            "support": {
                "forum": "https://discourse.laminas.dev/",
                "issues": "https://github.com/laminas/laminas-zendframework-bridge/issues",
                "rss": "https://github.com/laminas/laminas-zendframework-bridge/releases.atom",
                "source": "https://github.com/laminas/laminas-zendframework-bridge"
            },
            "funding": [
                {
                    "url": "https://funding.communitybridge.org/projects/laminas-project",
                    "type": "community_bridge"
                }
            ],
            "time": "2021-02-25T21:55:08+00:00"
        }
    ],
    "packages-dev": [],
    "aliases": [],
    "minimum-stability": "dev",
    "stability-flags": {
        "laminas/laminas-server": 20
    },
    "prefer-stable": false,
    "prefer-lowest": false,
    "platform": [],
    "platform-dev": [],
    "plugin-api-version": "2.0.0"
}
